
Microsoft Visual Studio Solution File, Format Version 12.00
# Visual Studio Version 17
VisualStudioVersion = 17.1.32328.378
MinimumVisualStudioVersion = 10.0.40219.1
Project("{FAE04EC0-301F-11D3-BF4B-00C04F79EFBC}") = "Hangfire.s11", "Hangfire.s11\Hangfire.s11.csproj", "{034EDF01-482F-46A9-8293-6DF5569FE31B}"
EndProject
Global
	GlobalSection(SolutionConfigurationPlatforms) = preSolution
		Debug|Any CPU = Debug|Any CPU
		Release|Any CPU = Release|Any CPU
	EndGlobalSection
	GlobalSection(ProjectConfigurationPlatforms) = postSolution
		{034EDF01-482F-46A9-8293-6DF5569FE31B}.Debug|Any CPU.ActiveCfg = Debug|Any CPU
		{034EDF01-482F-46A9-8293-6DF5569FE31B}.Debug|Any CPU.Build.0 = Debug|Any CPU
		{034EDF01-482F-46A9-8293-6DF5569FE31B}.Release|Any CPU.ActiveCfg = Release|Any CPU
		{034EDF01-482F-46A9-8293-6DF5569FE31B}.Release|Any CPU.Build.0 = Release|Any CPU
	EndGlobalSection
	GlobalSection(SolutionProperties) = preSolution
		HideSolutionNode = FALSE
	EndGlobalSection
	GlobalSection(ExtensibilityGlobals) = postSolution
		SolutionGuid = {9CE2497E-885E-4205-BCD5-5E91C8B982DD}
	EndGlobalSection
EndGlobal
